
Microsoft Visual Studio Solution File, Format Version 12.00
# Visual Studio 15
VisualStudioVersion = 15.0.27130.2036
MinimumVisualStudioVersion = 10.0.40219.1
Project("{FAE04EC0-301F-11D3-BF4B-00C04F79EFBC}") = "SerializationExample", "SerializationExample\SerializationExample.csproj", "{7B860DDA-379F-4291-8EF1-6745982921AE}"
EndProject
Global
	GlobalSection(SolutionConfigurationPlatforms) = preSolution
		Debug|Any CPU = Debug|Any CPU
		Release|Any CPU = Release|Any CPU
	EndGlobalSection
	GlobalSection(ProjectConfigurationPlatforms) = postSolution
		{7B860DDA-379F-4291-8EF1-6745982921AE}.Debug|Any CPU.ActiveCfg = Debug|Any CPU
		{7B860DDA-379F-4291-8EF1-6745982921AE}.Debug|Any CPU.Build.0 = Debug|Any CPU
		{7B860DDA-379F-4291-8EF1-6745982921AE}.Release|Any CPU.ActiveCfg = Release|Any CPU
		{7B860DDA-379F-4291-8EF1-6745982921AE}.Release|Any CPU.Build.0 = Release|Any CPU
	EndGlobalSection
	GlobalSection(SolutionProperties) = preSolution
		HideSolutionNode = FALSE
	EndGlobalSection
	GlobalSection(ExtensibilityGlobals) = postSolution
		SolutionGuid = {0E0E51D7-6A2D-4BE6-8F31-E6E90EE4D706}
	EndGlobalSection
EndGlobal
